
Microsoft Visual Studio Solution File, Format Version 12.00
# Visual Studio Version 17
VisualStudioVersion = 17.5.33502.453
MinimumVisualStudioVersion = 10.0.40219.1
Project("{FAE04EC0-301F-11D3-BF4B-00C04F79EFBC}") = "PaintyTestTask", "PaintyTestTask\PaintyTestTask.csproj", "{D15646E1-5A42-4B1E-832B-4A456A0C459F}"
EndProject
Project("{FAE04EC0-301F-11D3-BF4B-00C04F79EFBC}") = "PaintyTestTask.API", "PaintyTestTask.API\PaintyTestTask.API.csproj", "{7D21A697-34A1-4DB5-BFFE-E43F3D626454}"
EndProject
Global
	GlobalSection(SolutionConfigurationPlatforms) = preSolution
		Debug|Any CPU = Debug|Any CPU
		Release|Any CPU = Release|Any CPU
	EndGlobalSection
	GlobalSection(ProjectConfigurationPlatforms) = postSolution
		{D15646E1-5A42-4B1E-832B-4A456A0C459F}.Debug|Any CPU.ActiveCfg = Debug|Any CPU
		{D15646E1-5A42-4B1E-832B-4A456A0C459F}.Debug|Any CPU.Build.0 = Debug|Any CPU
		{D15646E1-5A42-4B1E-832B-4A456A0C459F}.Release|Any CPU.ActiveCfg = Release|Any CPU
		{D15646E1-5A42-4B1E-832B-4A456A0C459F}.Release|Any CPU.Build.0 = Release|Any CPU
		{7D21A697-34A1-4DB5-BFFE-E43F3D626454}.Debug|Any CPU.ActiveCfg = Debug|Any CPU
		{7D21A697-34A1-4DB5-BFFE-E43F3D626454}.Debug|Any CPU.Build.0 = Debug|Any CPU
		{7D21A697-34A1-4DB5-BFFE-E43F3D626454}.Release|Any CPU.ActiveCfg = Release|Any CPU
		{7D21A697-34A1-4DB5-BFFE-E43F3D626454}.Release|Any CPU.Build.0 = Release|Any CPU
	EndGlobalSection
	GlobalSection(SolutionProperties) = preSolution
		HideSolutionNode = FALSE
	EndGlobalSection
	GlobalSection(ExtensibilityGlobals) = postSolution
		SolutionGuid = {4FAB561F-E1E4-4EB9-A932-95A9FF313B09}
	EndGlobalSection
EndGlobal
